
Microsoft Visual Studio Solution File, Format Version 12.00
# Visual Studio 15
VisualStudioVersion = 15.0.27703.2035
MinimumVisualStudioVersion = 10.0.40219.1
Project("{FAE04EC0-301F-11D3-BF4B-00C04F79EFBC}") = "CoordinateConverterOnDifferentResolutions", "CoordinateConverterOnDifferentResolutions\CoordinateConverterOnDifferentResolutions.csproj", "{4625BA38-CE83-4D9D-A5A8-18B16CFBE00B}"
EndProject
Global
	GlobalSection(SolutionConfigurationPlatforms) = preSolution
		Debug|Any CPU = Debug|Any CPU
		Release|Any CPU = Release|Any CPU
	EndGlobalSection
	GlobalSection(ProjectConfigurationPlatforms) = postSolution
		{4625BA38-CE83-4D9D-A5A8-18B16CFBE00B}.Debug|Any CPU.ActiveCfg = Debug|Any CPU
		{4625BA38-CE83-4D9D-A5A8-18B16CFBE00B}.Debug|Any CPU.Build.0 = Debug|Any CPU
		{4625BA38-CE83-4D9D-A5A8-18B16CFBE00B}.Release|Any CPU.ActiveCfg = Release|Any CPU
		{4625BA38-CE83-4D9D-A5A8-18B16CFBE00B}.Release|Any CPU.Build.0 = Release|Any CPU
	EndGlobalSection
	GlobalSection(SolutionProperties) = preSolution
		HideSolutionNode = FALSE
	EndGlobalSection
	GlobalSection(ExtensibilityGlobals) = postSolution
		SolutionGuid = {6E0DFDE7-61D8-42E0-A7F8-5AF7AD6087DF}
	EndGlobalSection
EndGlobal
